// !$*UTF8*$!
{
	archiveVersion = 1;
	classes = {
	};
	objectVersion = 46;
	objects = {

/* Begin PBXBuildFile section */
		1A94F2BD1E800CFD0025E249 /* AppDelegate.swift in Sources */ = {isa = PBXBuildFile; fileRef = 1A94F2BC1E800CFD0025E249 /* AppDelegate.swift */; };
		1A94F2BF1E800CFD0025E249 /* ViewController.swift in Sources */ = {isa = PBXBuildFile; fileRef = 1A94F2BE1E800CFD0025E249 /* ViewController.swift */; };
		1A94F2C21E800CFD0025E249 /* Main.storyboard in Resources */ = {isa = PBXBuildFile; fileRef = 1A94F2C01E800CFD0025E249 /* Main.storyboard */; };
		1A94F2C51E800CFD0025E249 /* Test3.xcdatamodeld in Sources */ = {isa = PBXBuildFile; fileRef = 1A94F2C31E800CFD0025E249 /* Test3.xcdatamodeld */; };
		1A94F2C71E800CFD0025E249 /* Assets.xcassets in Resources */ = {isa = PBXBuildFile; fileRef = 1A94F2C61E800CFD0025E249 /* Assets.xcassets */; };
		1A94F2CA1E800CFD0025E249 /* LaunchScreen.storyboard in Resources */ = {isa = PBXBuildFile; fileRef = 1A94F2C81E800CFD0025E249 /* LaunchScreen.storyboard */; };
		1A94F2D51E800CFD0025E249 /* Test3Tests.swift in Sources */ = {isa = PBXBuildFile; fileRef = 1A94F2D41E800CFD0025E249 /* Test3Tests.swift */; };
		1A94F2E01E800CFD0025E249 /* Test3UITests.swift in Sources */ = {isa = PBXBuildFile; fileRef = 1A94F2DF1E800CFD0025E249 /* Test3UITests.swift */; };
		1A94F2EF1E800D080025E249 /* MapKit.framework in Frameworks */ = {isa = PBXBuildFile; fileRef = 1A94F2EE1E800D080025E249 /* MapKit.framework */; };
		1A94F2F11E8015D10025E249 /* CoreLocation.framework in Frameworks */ = {isa = PBXBuildFile; fileRef = 1A94F2F01E8015D10025E249 /* CoreLocation.framework */; };
		1ADB17D11E828E9C002C7F2B /* extension.swift in Sources */ = {isa = PBXBuildFile; fileRef = 1ADB17D01E828E9C002C7F2B /* extension.swift */; };
/* End PBXBuildFile section */

/* Begin PBXContainerItemProxy section */
		1A94F2D11E800CFD0025E249 /* PBXContainerItemProxy */ = {
			isa = PBXContainerItemProxy;
			containerPortal = 1A94F2B11E800CFC0025E249 /* Project object */;
			proxyType = 1;
			remoteGlobalIDString = 1A94F2B81E800CFC0025E249;
			remoteInfo = Test3;
		};
		1A94F2DC1E800CFD0025E249 /* PBXContainerItemProxy */ = {
			isa = PBXContainerItemProxy;
			containerPortal = 1A94F2B11E800CFC0025E249 /* Project object */;
			proxyType = 1;
			remoteGlobalIDString = 1A94F2B81E800CFC0025E249;
			remoteInfo = Test3;
		};
/* End PBXContainerItemProxy section */

/* Begin PBXFileReference section */
		1A94F2B91E800CFC0025E249 /* Test3.app */ = {isa = PBXFileReference; explicitFileType = wrapper.application; includeInIndex = 0; path = Test3.app; sourceTree = BUILT_PRODUCTS_DIR; };
		1A94F2BC1E800CFD0025E249 /* AppDelegate.swift */ = {isa = PBXFileReference; lastKnownFileType = sourcecode.swift; path = AppDelegate.swift; sourceTree = "<group>"; };
		1A94F2BE1E800CFD0025E249 /* ViewController.swift */ = {isa = PBXFileReference; lastKnownFileType = sourcecode.swift; path = ViewController.swift; sourceTree = "<group>"; usesTabs = 0; };
		1A94F2C11E800CFD0025E249 /* Base */ = {isa = PBXFileReference; lastKnownFileType = file.storyboard; name = Base; path = Base.lproj/Main.storyboard; sourceTree = "<group>"; };
		1A94F2C41E800CFD0025E249 /* Test3.xcdatamodel */ = {isa = PBXFileReference; lastKnownFileType = wrapper.xcdatamodel; path = Test3.xcdatamodel; sourceTree = "<group>"; };
		1A94F2C61E800CFD0025E249 /* Assets.xcassets */ = {isa = PBXFileReference; lastKnownFileType = folder.assetcatalog; path = Assets.xcassets; sourceTree = "<group>"; };
		1A94F2C91E800CFD0025E249 /* Base */ = {isa = PBXFileReference; lastKnownFileType = file.storyboard; name = Base; path = Base.lproj/LaunchScreen.storyboard; sourceTree = "<group>"; };
		1A94F2CB1E800CFD0025E249 /* Info.plist */ = {isa = PBXFileReference; lastKnownFileType = text.plist.xml; path = Info.plist; sourceTree = "<group>"; };
		1A94F2D01E800CFD0025E249 /* Test3Tests.xctest */ = {isa = PBXFileReference; explicitFileType = wrapper.cfbundle; includeInIndex = 0; path = Test3Tests.xctest; sourceTree = BUILT_PRODUCTS_DIR; };
		1A94F2D41E800CFD0025E249 /* Test3Tests.swift */ = {isa = PBXFileReference; lastKnownFileType = sourcecode.swift; path = Test3Tests.swift; sourceTree = "<group>"; };
		1A94F2D61E800CFD0025E249 /* Info.plist */ = {isa = PBXFileReference; lastKnownFileType = text.plist.xml; path = Info.plist; sourceTree = "<group>"; };
		1A94F2DB1E800CFD0025E249 /* Test3UITests.xctest */ = {isa = PBXFileReference; explicitFileType = wrapper.cfbundle; includeInIndex = 0; path = Test3UITests.xctest; sourceTree = BUILT_PRODUCTS_DIR; };
		1A94F2DF1E800CFD0025E249 /* Test3UITests.swift */ = {isa = PBXFileReference; lastKnownFileType = sourcecode.swift; path = Test3UITests.swift; sourceTree = "<group>"; };
		1A94F2E11E800CFD0025E249 /* Info.plist */ = {isa = PBXFileReference; lastKnownFileType = text.plist.xml; path = Info.plist; sourceTree = "<group>"; };
		1A94F2EE1E800D080025E249 /* MapKit.framework */ = {isa = PBXFileReference; lastKnownFileType = wrapper.framework; name = MapKit.framework; path = System/Library/Frameworks/MapKit.framework; sourceTree = SDKROOT; };
		1A94F2F01E8015D10025E249 /* CoreLocation.framework */ = {isa = PBXFileReference; lastKnownFileType = wrapper.framework; name = CoreLocation.framework; path = System/Library/Frameworks/CoreLocation.framework; sourceTree = SDKROOT; };
		1A94F2F21E80282C0025E249 /* Stations.gpx */ = {isa = PBXFileReference; lastKnownFileType = text.xml; path = Stations.gpx; sourceTree = "<group>"; };
		1ADB17D01E828E9C002C7F2B /* extension.swift */ = {isa = PBXFileReference; fileEncoding = 4; lastKnownFileType = sourcecode.swift; path = extension.swift; sourceTree = "<group>"; };
/* End PBXFileReference section */

/* Begin PBXFrameworksBuildPhase section */
		1A94F2B61E800CFC0025E249 /* Frameworks */ = {
			isa = PBXFrameworksBuildPhase;
			buildActionMask = 2147483647;
			files = (
				1A94F2F11E8015D10025E249 /* CoreLocation.framework in Frameworks */,
				1A94F2EF1E800D080025E249 /* MapKit.framework in Frameworks */,
			);
			runOnlyForDeploymentPostprocessing = 0;
		};
		1A94F2CD1E800CFD0025E249 /* Frameworks */ = {
			isa = PBXFrameworksBuildPhase;
			buildActionMask = 2147483647;
			files = (
			);
			runOnlyForDeploymentPostprocessing = 0;
		};
		1A94F2D81E800CFD0025E249 /* Frameworks */ = {
			isa = PBXFrameworksBuildPhase;
			buildActionMask = 2147483647;
			files = (
			);
			runOnlyForDeploymentPostprocessing = 0;
		};
/* End PBXFrameworksBuildPhase section */

/* Begin PBXGroup section */
		1A94F2B01E800CFC0025E249 = {
			isa = PBXGroup;
			children = (
				1A94F2BB1E800CFC0025E249 /* Test3 */,
				1A94F2D31E800CFD0025E249 /* Test3Tests */,
				1A94F2DE1E800CFD0025E249 /* Test3UITests */,
				1A94F2BA1E800CFC0025E249 /* Products */,
				1A94F2ED1E800D080025E249 /* Frameworks */,
			);
			sourceTree = "<group>";
		};
		1A94F2BA1E800CFC0025E249 /* Products */ = {
			isa = PBXGroup;
			children = (
				1A94F2B91E800CFC0025E249 /* Test3.app */,
				1A94F2D01E800CFD0025E249 /* Test3Tests.xctest */,
				1A94F2DB1E800CFD0025E249 /* Test3UITests.xctest */,
			);
			name = Products;
			sourceTree = "<group>";
		};
		1A94F2BB1E800CFC0025E249 /* Test3 */ = {
			isa = PBXGroup;
			children = (
				1A94F2BC1E800CFD0025E249 /* AppDelegate.swift */,
				1A94F2BE1E800CFD0025E249 /* ViewController.swift */,
				1ADB17D01E828E9C002C7F2B /* extension.swift */,
				1A94F2F21E80282C0025E249 /* Stations.gpx */,
				1A94F2C01E800CFD0025E249 /* Main.storyboard */,
				1A94F2C61E800CFD0025E249 /* Assets.xcassets */,
				1A94F2C81E800CFD0025E249 /* LaunchScreen.storyboard */,
				1A94F2CB1E800CFD0025E249 /* Info.plist */,
				1A94F2C31E800CFD0025E249 /* Test3.xcdatamodeld */,
			);
			path = Test3;
			sourceTree = "<group>";
		};
		1A94F2D31E800CFD0025E249 /* Test3Tests */ = {
			isa = PBXGroup;
			children = (
				1A94F2D41E800CFD0025E249 /* Test3Tests.swift */,
				1A94F2D61E800CFD0025E249 /* Info.plist */,
			);
			path = Test3Tests;
			sourceTree = "<group>";
		};
		1A94F2DE1E800CFD0025E249 /* Test3UITests */ = {
			isa = PBXGroup;
			children = (
				1A94F2DF1E800CFD0025E249 /* Test3UITests.swift */,
				1A94F2E11E800CFD0025E249 /* Info.plist */,
			);
			path = Test3UITests;
			sourceTree = "<group>";
		};
		1A94F2ED1E800D080025E249 /* Frameworks */ = {
			isa = PBXGroup;
			children = (
				1A94F2F01E8015D10025E249 /* CoreLocation.framework */,
				1A94F2EE1E800D080025E249 /* MapKit.framework */,
			);
			name = Frameworks;
			sourceTree = "<group>";
		};
/* End PBXGroup section */

/* Begin PBXNativeTarget section */
		1A94F2B81E800CFC0025E249 /* Test3 */ = {
			isa = PBXNativeTarget;
			buildConfigurationList = 1A94F2E41E800CFD0025E249 /* Build configuration list for PBXNativeTarget "Test3" */;
			buildPhases = (
				1A94F2B51E800CFC0025E249 /* Sources */,
				1A94F2B61E800CFC0025E249 /* Frameworks */,
				1A94F2B71E800CFC0025E249 /* Resources */,
			);
			buildRules = (
			);
			dependencies = (
			);
			name = Test3;
			productName = Test3;
			productReference = 1A94F2B91E800CFC0025E249 /* Test3.app */;
			productType = "com.apple.product-type.application";
		};
		1A94F2CF1E800CFD0025E249 /* Test3Tests */ = {
			isa = PBXNativeTarget;
			buildConfigurationList = 1A94F2E71E800CFD0025E249 /* Build configuration list for PBXNativeTarget "Test3Tests" */;
			buildPhases = (
				1A94F2CC1E800CFD0025E249 /* Sources */,
				1A94F2CD1E800CFD0025E249 /* Frameworks */,
				1A94F2CE1E800CFD0025E249 /* Resources */,
			);
			buildRules = (
			);
			dependencies = (
				1A94F2D21E800CFD0025E249 /* PBXTargetDependency */,
			);
			name = Test3Tests;
			productName = Test3Tests;
			productReference = 1A94F2D01E800CFD0025E249 /* Test3Tests.xctest */;
			productType = "com.apple.product-type.bundle.unit-test";
		};
		1A94F2DA1E800CFD0025E249 /* Test3UITests */ = {
			isa = PBXNativeTarget;
			buildConfigurationList = 1A94F2EA1E800CFD0025E249 /* Build configuration list for PBXNativeTarget "Test3UITests" */;
			buildPhases = (
				1A94F2D71E800CFD0025E249 /* Sources */,
				1A94F2D81E800CFD0025E249 /* Frameworks */,
				1A94F2D91E800CFD0025E249 /* Resources */,
			);
			buildRules = (
			);
			dependencies = (
				1A94F2DD1E800CFD0025E249 /* PBXTargetDependency */,
			);
			name = Test3UITests;
			productName = Test3UITests;
			productReference = 1A94F2DB1E800CFD0025E249 /* Test3UITests.xctest */;
			productType = "com.apple.product-type.bundle.ui-testing";
		};
/* End PBXNativeTarget section */

/* Begin PBXProject section */
		1A94F2B11E800CFC0025E249 /* Project object */ = {
			isa = PBXProject;
			attributes = {
				LastSwiftUpdateCheck = 0820;
				LastUpgradeCheck = 0820;
				ORGANIZATIONNAME = "Chloe Hutchings";
				TargetAttributes = {
					1A94F2B81E800CFC0025E249 = {
						CreatedOnToolsVersion = 8.2.1;
						DevelopmentTeam = 2NLA4DSF26;
						ProvisioningStyle = Automatic;
						SystemCapabilities = {
							com.apple.Maps.iOS = {
								enabled = 1;
							};
						};
					};
					1A94F2CF1E800CFD0025E249 = {
						CreatedOnToolsVersion = 8.2.1;
						ProvisioningStyle = Automatic;
						TestTargetID = 1A94F2B81E800CFC0025E249;
					};
					1A94F2DA1E800CFD0025E249 = {
						CreatedOnToolsVersion = 8.2.1;
						ProvisioningStyle = Automatic;
						TestTargetID = 1A94F2B81E800CFC0025E249;
					};
				};
			};
			buildConfigurationList = 1A94F2B41E800CFC0025E249 /* Build configuration list for PBXProject "Test3" */;
			compatibilityVersion = "Xcode 3.2";
			developmentRegion = English;
			hasScannedForEncodings = 0;
			knownRegions = (
				en,
				Base,
			);
			mainGroup = 1A94F2B01E800CFC0025E249;
			productRefGroup = 1A94F2BA1E800CFC0025E249 /* Products */;
			projectDirPath = "";
			projectRoot = "";
			targets = (
				1A94F2B81E800CFC0025E249 /* Test3 */,
				1A94F2CF1E800CFD0025E249 /* Test3Tests */,
				1A94F2DA1E800CFD0025E249 /* Test3UITests */,
			);
		};
/* End PBXProject section */

/* Begin PBXResourcesBuildPhase section */
		1A94F2B71E800CFC0025E249 /* Resources */ = {
			isa = PBXResourcesBuildPhase;
			buildActionMask = 2147483647;
			files = (
				1A94F2CA1E800CFD0025E249 /* LaunchScreen.storyboard in Resources */,
				1A94F2C71E800CFD0025E249 /* Assets.xcassets in Resources */,
				1A94F2C21E800CFD0025E249 /* Main.storyboard in Resources */,
			);
			runOnlyForDeploymentPostprocessing = 0;
		};
		1A94F2CE1E800CFD0025E249 /* Resources */ = {
			isa = PBXResourcesBuildPhase;
			buildActionMask = 2147483647;
			files = (
			);
			runOnlyForDeploymentPostprocessing = 0;
		};
		1A94F2D91E800CFD0025E249 /* Resources */ = {
			isa = PBXResourcesBuildPhase;
			buildActionMask = 2147483647;
			files = (
			);
			runOnlyForDeploymentPostprocessing = 0;
		};
/* End PBXResourcesBuildPhase section */

/* Begin PBXSourcesBuildPhase section */
		1A94F2B51E800CFC0025E249 /* Sources */ = {
			isa = PBXSourcesBuildPhase;
			buildActionMask = 2147483647;
			files = (
				1A94F2C51E800CFD0025E249 /* Test3.xcdatamodeld in Sources */,
				1A94F2BF1E800CFD0025E249 /* ViewController.swift in Sources */,
				1A94F2BD1E800CFD0025E249 /* AppDelegate.swift in Sources */,
				1ADB17D11E828E9C002C7F2B /* extension.swift in Sources */,
			);
			runOnlyForDeploymentPostprocessing = 0;
		};
		1A94F2CC1E800CFD0025E249 /* Sources */ = {
			isa = PBXSourcesBuildPhase;
			buildActionMask = 2147483647;
			files = (
				1A94F2D51E800CFD0025E249 /* Test3Tests.swift in Sources */,
			);
			runOnlyForDeploymentPostprocessing = 0;
		};
		1A94F2D71E800CFD0025E249 /* Sources */ = {
			isa = PBXSourcesBuildPhase;
			buildActionMask = 2147483647;
			files = (
				1A94F2E01E800CFD0025E249 /* Test3UITests.swift in Sources */,
			);
			runOnlyForDeploymentPostprocessing = 0;
		};
/* End PBXSourcesBuildPhase section */

/* Begin PBXTargetDependency section */
		1A94F2D21E800CFD0025E249 /* PBXTargetDependency */ = {
			isa = PBXTargetDependency;
			target = 1A94F2B81E800CFC0025E249 /* Test3 */;
			targetProxy = 1A94F2D11E800CFD0025E249 /* PBXContainerItemProxy */;
		};
		1A94F2DD1E800CFD0025E249 /* PBXTargetDependency */ = {
			isa = PBXTargetDependency;
			target = 1A94F2B81E800CFC0025E249 /* Test3 */;
			targetProxy = 1A94F2DC1E800CFD0025E249 /* PBXContainerItemProxy */;
		};
/* End PBXTargetDependency section */

/* Begin PBXVariantGroup section */
		1A94F2C01E800CFD0025E249 /* Main.storyboard */ = {
			isa = PBXVariantGroup;
			children = (
				1A94F2C11E800CFD0025E249 /* Base */,
			);
			name = Main.storyboard;
			sourceTree = "<group>";
		};
		1A94F2C81E800CFD0025E249 /* LaunchScreen.storyboard */ = {
			isa = PBXVariantGroup;
			children = (
				1A94F2C91E800CFD0025E249 /* Base */,
			);
			name = LaunchScreen.storyboard;
			sourceTree = "<group>";
		};
/* End PBXVariantGroup section */

/* Begin XCBuildConfiguration section */
		1A94F2E21E800CFD0025E249 /* Debug */ = {
			isa = XCBuildConfiguration;
			buildSettings = {
				ALWAYS_SEARCH_USER_PATHS = NO;
				CLANG_ANALYZER_NONNULL = YES;
				CLANG_CXX_LANGUAGE_STANDARD = "gnu++0x";
				CLANG_CXX_LIBRARY = "libc++";
				CLANG_ENABLE_MODULES = YES;
				CLANG_ENABLE_OBJC_ARC = YES;
				CLANG_WARN_BOOL_CONVERSION = YES;
				CLANG_WARN_CONSTANT_CONVERSION = YES;
				CLANG_WARN_DIRECT_OBJC_ISA_USAGE = YES_ERROR;
				CLANG_WARN_DOCUMENTATION_COMMENTS = YES;
				CLANG_WARN_EMPTY_BODY = YES;
				CLANG_WARN_ENUM_CONVERSION = YES;
				CLANG_WARN_INFINITE_RECURSION = YES;
				CLANG_WARN_INT_CONVERSION = YES;
				CLANG_WARN_OBJC_ROOT_CLASS = YES_ERROR;
				CLANG_WARN_SUSPICIOUS_MOVE = YES;
				CLANG_WARN_UNREACHABLE_CODE = YES;
				CLANG_WARN__DUPLICATE_METHOD_MATCH = YES;
				"CODE_SIGN_IDENTITY[sdk=iphoneos*]" = "iPhone Developer";
				COPY_PHASE_STRIP = NO;
				DEBUG_INFORMATION_FORMAT = dwarf;
				ENABLE_STRICT_OBJC_MSGSEND = YES;
				ENABLE_TESTABILITY = YES;
				GCC_C_LANGUAGE_STANDARD = gnu99;
				GCC_DYNAMIC_NO_PIC = NO;
				GCC_NO_COMMON_BLOCKS = YES;
				GCC_OPTIMIZATION_LEVEL = 0;
				GCC_PREPROCESSOR_DEFINITIONS = (
					"DEBUG=1",
					"$(inherited)",
				);
				GCC_WARN_64_TO_32_BIT_CONVERSION = YES;
				GCC_WARN_ABOUT_RETURN_TYPE = YES_ERROR;
				GCC_WARN_UNDECLARED_SELECTOR = YES;
				GCC_WARN_UNINITIALIZED_AUTOS = YES_AGGRESSIVE;
				GCC_WARN_UNUSED_FUNCTION = YES;
				GCC_WARN_UNUSED_VARIABLE = YES;
				IPHONEOS_DEPLOYMENT_TARGET = 10.2;
				MTL_ENABLE_DEBUG_INFO = YES;
				ONLY_ACTIVE_ARCH = YES;
				SDKROOT = iphoneos;
				SWIFT_ACTIVE_COMPILATION_CONDITIONS = DEBUG;
				SWIFT_OPTIMIZATION_LEVEL = "-Onone";
				TARGETED_DEVICE_FAMILY = "1,2";
			};
			name = Debug;
		};
		1A94F2E31E800CFD0025E249 /* Release */ = {
			isa = XCBuildConfiguration;
			buildSettings = {
				ALWAYS_SEARCH_USER_PATHS = NO;
				CLANG_ANALYZER_NONNULL = YES;
				CLANG_CXX_LANGUAGE_STANDARD = "gnu++0x";
				CLANG_CXX_LIBRARY = "libc++";
				CLANG_ENABLE_MODULES = YES;
				CLANG_ENABLE_OBJC_ARC = YES;
				CLANG_WARN_BOOL_CONVERSION = YES;
				CLANG_WARN_CONSTANT_CONVERSION = YES;
				CLANG_WARN_DIRECT_OBJC_ISA_USAGE = YES_ERROR;
				CLANG_WARN_DOCUMENTATION_COMMENTS = YES;
				CLANG_WARN_EMPTY_BODY = YES;
				CLANG_WARN_ENUM_CONVERSION = YES;
				CLANG_WARN_INFINITE_RECURSION = YES;
				CLANG_WARN_INT_CONVERSION = YES;
				CLANG_WARN_OBJC_ROOT_CLASS = YES_ERROR;
				CLANG_WARN_SUSPICIOUS_MOVE = YES;
				CLANG_WARN_UNREACHABLE_CODE = YES;
				CLANG_WARN__DUPLICATE_METHOD_MATCH = YES;
				"CODE_SIGN_IDENTITY[sdk=iphoneos*]" = "iPhone Developer";
				COPY_PHASE_STRIP = NO;
				DEBUG_INFORMATION_FORMAT = "dwarf-with-dsym";
				ENABLE_NS_ASSERTIONS = NO;
				ENABLE_STRICT_OBJC_MSGSEND = YES;
				GCC_C_LANGUAGE_STANDARD = gnu99;
				GCC_NO_COMMON_BLOCKS = YES;
				GCC_WARN_64_TO_32_BIT_CONVERSION = YES;
				GCC_WARN_ABOUT_RETURN_TYPE = YES_ERROR;
				GCC_WARN_UNDECLARED_SELECTOR = YES;
				GCC_WARN_UNINITIALIZED_AUTOS = YES_AGGRESSIVE;
				GCC_WARN_UNUSED_FUNCTION = YES;
				GCC_WARN_UNUSED_VARIABLE = YES;
				IPHONEOS_DEPLOYMENT_TARGET = 10.2;
				MTL_ENABLE_DEBUG_INFO = NO;
				SDKROOT = iphoneos;
				SWIFT_OPTIMIZATION_LEVEL = "-Owholemodule";
				TARGETED_DEVICE_FAMILY = "1,2";
				VALIDATE_PRODUCT = YES;
			};
			name = Release;
		};
		1A94F2E51E800CFD0025E249 /* Debug */ = {
			isa = XCBuildConfiguration;
			buildSettings = {
				ASSETCATALOG_COMPILER_APPICON_NAME = AppIcon;
				DEVELOPMENT_TEAM = 2NLA4DSF26;
				INFOPLIST_FILE = Test3/Info.plist;
				LD_RUNPATH_SEARCH_PATHS = "$(inherited) @executable_path/Frameworks";
				PRODUCT_BUNDLE_IDENTIFIER = ChloeHutchings.Test3;
				PRODUCT_NAME = "$(TARGET_NAME)";
				SWIFT_VERSION = 3.0;
			};
			name = Debug;
		};
		1A94F2E61E800CFD0025E249 /* Release */ = {
			isa = XCBuildConfiguration;
			buildSettings = {
				ASSETCATALOG_COMPILER_APPICON_NAME = AppIcon;
				DEVELOPMENT_TEAM = 2NLA4DSF26;
				INFOPLIST_FILE = Test3/Info.plist;
				LD_RUNPATH_SEARCH_PATHS = "$(inherited) @executable_path/Frameworks";
				PRODUCT_BUNDLE_IDENTIFIER = ChloeHutchings.Test3;
				PRODUCT_NAME = "$(TARGET_NAME)";
				SWIFT_VERSION = 3.0;
			};
			name = Release;
		};
		1A94F2E81E800CFD0025E249 /* Debug */ = {
			isa = XCBuildConfiguration;
			buildSettings = {
				ALWAYS_EMBED_SWIFT_STANDARD_LIBRARIES = YES;
				BUNDLE_LOADER = "$(TEST_HOST)";
				INFOPLIST_FILE = Test3Tests/Info.plist;
				LD_RUNPATH_SEARCH_PATHS = "$(inherited) @executable_path/Frameworks @loader_path/Frameworks";
				PRODUCT_BUNDLE_IDENTIFIER = ChloeHutchings.Test3Tests;
				PRODUCT_NAME = "$(TARGET_NAME)";
				SWIFT_VERSION = 3.0;
				TEST_HOST = "$(BUILT_PRODUCTS_DIR)/Test3.app/Test3";
			};
			name = Debug;
		};
		1A94F2E91E800CFD0025E249 /* Release */ = {
			isa = XCBuildConfiguration;
			buildSettings = {
				ALWAYS_EMBED_SWIFT_STANDARD_LIBRARIES = YES;
				BUNDLE_LOADER = "$(TEST_HOST)";
				INFOPLIST_FILE = Test3Tests/Info.plist;
				LD_RUNPATH_SEARCH_PATHS = "$(inherited) @executable_path/Frameworks @loader_path/Frameworks";
				PRODUCT_BUNDLE_IDENTIFIER = ChloeHutchings.Test3Tests;
				PRODUCT_NAME = "$(TARGET_NAME)";
				SWIFT_VERSION = 3.0;
				TEST_HOST = "$(BUILT_PRODUCTS_DIR)/Test3.app/Test3";
			};
			name = Release;
		};
		1A94F2EB1E800CFD0025E249 /* Debug */ = {
			isa = XCBuildConfiguration;
			buildSettings = {
				ALWAYS_EMBED_SWIFT_STANDARD_LIBRARIES = YES;
				INFOPLIST_FILE = Test3UITests/Info.plist;
				LD_RUNPATH_SEARCH_PATHS = "$(inherited) @executable_path/Frameworks @loader_path/Frameworks";
				PRODUCT_BUNDLE_IDENTIFIER = ChloeHutchings.Test3UITests;
				PRODUCT_NAME = "$(TARGET_NAME)";
				SWIFT_VERSION = 3.0;
				TEST_TARGET_NAME = Test3;
			};
			name = Debug;
		};
		1A94F2EC1E800CFD0025E249 /* Release */ = {
			isa = XCBuildConfiguration;
			buildSettings = {
				ALWAYS_EMBED_SWIFT_STANDARD_LIBRARIES = YES;
				INFOPLIST_FILE = Test3UITests/Info.plist;
				LD_RUNPATH_SEARCH_PATHS = "$(inherited) @executable_path/Frameworks @loader_path/Frameworks";
				PRODUCT_BUNDLE_IDENTIFIER = ChloeHutchings.Test3UITests;
				PRODUCT_NAME = "$(TARGET_NAME)";
				SWIFT_VERSION = 3.0;
				TEST_TARGET_NAME = Test3;
			};
			name = Release;
		};
/* End XCBuildConfiguration section */

/* Begin XCConfigurationList section */
		1A94F2B41E800CFC0025E249 /* Build configuration list for PBXProject "Test3" */ = {
			isa = XCConfigurationList;
			buildConfigurations = (
				1A94F2E21E800CFD0025E249 /* Debug */,
				1A94F2E31E800CFD0025E249 /* Release */,
			);
			defaultConfigurationIsVisible = 0;
			defaultConfigurationName = Release;
		};
		1A94F2E41E800CFD0025E249 /* Build configuration list for PBXNativeTarget "Test3" */ = {
			isa = XCConfigurationList;
			buildConfigurations = (
				1A94F2E51E800CFD0025E249 /* Debug */,
				1A94F2E61E800CFD0025E249 /* Release */,
			);
			defaultConfigurationIsVisible = 0;
			defaultConfigurationName = Release;
		};
		1A94F2E71E800CFD0025E249 /* Build configuration list for PBXNativeTarget "Test3Tests" */ = {
			isa = XCConfigurationList;
			buildConfigurations = (
				1A94F2E81E800CFD0025E249 /* Debug */,
				1A94F2E91E800CFD0025E249 /* Release */,
			);
			defaultConfigurationIsVisible = 0;
			defaultConfigurationName = Release;
		};
		1A94F2EA1E800CFD0025E249 /* Build configuration list for PBXNativeTarget "Test3UITests" */ = {
			isa = XCConfigurationList;
			buildConfigurations = (
				1A94F2EB1E800CFD0025E249 /* Debug */,
				1A94F2EC1E800CFD0025E249 /* Release */,
			);
			defaultConfigurationIsVisible = 0;
			defaultConfigurationName = Release;
		};
/* End XCConfigurationList section */

/* Begin XCVersionGroup section */
		1A94F2C31E800CFD0025E249 /* Test3.xcdatamodeld */ = {
			isa = XCVersionGroup;
			children = (
				1A94F2C41E800CFD0025E249 /* Test3.xcdatamodel */,
			);
			currentVersion = 1A94F2C41E800CFD0025E249 /* Test3.xcdatamodel */;
			path = Test3.xcdatamodeld;
			sourceTree = "<group>";
			versionGroupType = wrapper.xcdatamodel;
		};
/* End XCVersionGroup section */
	};
	rootObject = 1A94F2B11E800CFC0025E249 /* Project object */;
}
